
Microsoft Visual Studio Solution File, Format Version 12.00
# Visual Studio 15
VisualStudioVersion = 15.0.26124.0
MinimumVisualStudioVersion = 15.0.26124.0
Project("{2150E333-8FDC-42A3-9474-1A3956D46DE8}") = "src", "src", "{E7A5641D-BD37-40DE-89C3-CD0CF61B3EA5}"
EndProject
Project("{FAE04EC0-301F-11D3-BF4B-00C04F79EFBC}") = "GradeBook", "src\GradeBook\GradeBook.csproj", "{3CFA6549-EB28-4C6B-8FDA-04244AF95F91}"
EndProject
Project("{2150E333-8FDC-42A3-9474-1A3956D46DE8}") = "test", "test", "{5C470666-4389-4AF8-ADE4-45D966E5AD28}"
EndProject
Project("{FAE04EC0-301F-11D3-BF4B-00C04F79EFBC}") = "GradeBook.Tests", "test\GradeBook.Tests\GradeBook.Tests.csproj", "{6E59B4F8-CE95-401F-BA16-64D6143150CB}"
EndProject
Global
	GlobalSection(SolutionConfigurationPlatforms) = preSolution
		Debug|Any CPU = Debug|Any CPU
		Debug|x64 = Debug|x64
		Debug|x86 = Debug|x86
		Release|Any CPU = Release|Any CPU
		Release|x64 = Release|x64
		Release|x86 = Release|x86
	EndGlobalSection
	GlobalSection(SolutionProperties) = preSolution
		HideSolutionNode = FALSE
	EndGlobalSection
	GlobalSection(ProjectConfigurationPlatforms) = postSolution
		{3CFA6549-EB28-4C6B-8FDA-04244AF95F91}.Debug|Any CPU.ActiveCfg = Debug|Any CPU
		{3CFA6549-EB28-4C6B-8FDA-04244AF95F91}.Debug|Any CPU.Build.0 = Debug|Any CPU
		{3CFA6549-EB28-4C6B-8FDA-04244AF95F91}.Debug|x64.ActiveCfg = Debug|Any CPU
		{3CFA6549-EB28-4C6B-8FDA-04244AF95F91}.Debug|x64.Build.0 = Debug|Any CPU
		{3CFA6549-EB28-4C6B-8FDA-04244AF95F91}.Debug|x86.ActiveCfg = Debug|Any CPU
		{3CFA6549-EB28-4C6B-8FDA-04244AF95F91}.Debug|x86.Build.0 = Debug|Any CPU
		{3CFA6549-EB28-4C6B-8FDA-04244AF95F91}.Release|Any CPU.ActiveCfg = Release|Any CPU
		{3CFA6549-EB28-4C6B-8FDA-04244AF95F91}.Release|Any CPU.Build.0 = Release|Any CPU
		{3CFA6549-EB28-4C6B-8FDA-04244AF95F91}.Release|x64.ActiveCfg = Release|Any CPU
		{3CFA6549-EB28-4C6B-8FDA-04244AF95F91}.Release|x64.Build.0 = Release|Any CPU
		{3CFA6549-EB28-4C6B-8FDA-04244AF95F91}.Release|x86.ActiveCfg = Release|Any CPU
		{3CFA6549-EB28-4C6B-8FDA-04244AF95F91}.Release|x86.Build.0 = Release|Any CPU
		{6E59B4F8-CE95-401F-BA16-64D6143150CB}.Debug|Any CPU.ActiveCfg = Debug|Any CPU
		{6E59B4F8-CE95-401F-BA16-64D6143150CB}.Debug|Any CPU.Build.0 = Debug|Any CPU
		{6E59B4F8-CE95-401F-BA16-64D6143150CB}.Debug|x64.ActiveCfg = Debug|Any CPU
		{6E59B4F8-CE95-401F-BA16-64D6143150CB}.Debug|x64.Build.0 = Debug|Any CPU
		{6E59B4F8-CE95-401F-BA16-64D6143150CB}.Debug|x86.ActiveCfg = Debug|Any CPU
		{6E59B4F8-CE95-401F-BA16-64D6143150CB}.Debug|x86.Build.0 = Debug|Any CPU
		{6E59B4F8-CE95-401F-BA16-64D6143150CB}.Release|Any CPU.ActiveCfg = Release|Any CPU
		{6E59B4F8-CE95-401F-BA16-64D6143150CB}.Release|Any CPU.Build.0 = Release|Any CPU
		{6E59B4F8-CE95-401F-BA16-64D6143150CB}.Release|x64.ActiveCfg = Release|Any CPU
		{6E59B4F8-CE95-401F-BA16-64D6143150CB}.Release|x64.Build.0 = Release|Any CPU
		{6E59B4F8-CE95-401F-BA16-64D6143150CB}.Release|x86.ActiveCfg = Release|Any CPU
		{6E59B4F8-CE95-401F-BA16-64D6143150CB}.Release|x86.Build.0 = Release|Any CPU
	EndGlobalSection
	GlobalSection(NestedProjects) = preSolution
		{3CFA6549-EB28-4C6B-8FDA-04244AF95F91} = {E7A5641D-BD37-40DE-89C3-CD0CF61B3EA5}
		{6E59B4F8-CE95-401F-BA16-64D6143150CB} = {5C470666-4389-4AF8-ADE4-45D966E5AD28}
	EndGlobalSection
EndGlobal
